github.com/joho/godotenv v1.5.1 h1:7eLL/+HRGLY0ldzfGMeQkb7vO3U88Aa0dsfE6LTT9fE=
github.com/joho/godotenv v1.5.1/go.mod h1:f4LDr5Voq0i2rPN4vJ56insic10sJxQJRnL5uEPlA+Y=
github.com/labstack/echo/v4 v4.12.0 h1:YC7K1Fj7/gQjiFjWY4n8+P3UYx0rQKkt0MzyMpFLSxw=
github.com/labstack/echo/v4 v4.12.0/go.mod h1:VhLPG6CsiyOe7g1qS1NV6k1YUmrAeUxFolkqVCohT0M=
github.com/labstack/gommon v0.4.2 h1:A9oPrEiLFXgIx73Dwv5Q3FN2kdQ/fK7nGkBtRKS+3fE=
github.com/labstack/gommon v0.4.2/go.mod h1:OxZR33wBlPu5fClhvoYFddOyKUP7TGFVrR0B1u0vj8E=
github.com/mattn/go-colorable v0.1.13 h1:aZuBTYgnL+RAVSup39T8VFm5jhG/3G5uNdNOM84b+EQ=
github.com/mattn/go-colorable v0.1.13/go.mod h1:7S9sByPTX6qc5e1xN8XC9Rr5rft+ZhZ8neOgUQARV4w=
github.com/mattn/go-isatty v0.0.20 h1:goBNtS/Sd54zQEVPaKEwQXVkK/BsgJ9H8tmRAEKv1uA=
github.com/mattn/go-isatty v0.0.20/go.mod h1:W+6mzDPTsAEpGHUztb6cQn1pe3ekuw7mfXVYAlQpPtY=
github.com/valyala/bytebufferpool v1.0.0 h1:GqA0bq1xkL8e8G7a3vwOcGFM5rC3xY8tG4fqcQ5SEng=
github.com/valyala/bytebufferpool v1.0.0/go.mod h1:4D9lcidr/9P2Ldtzax5FBy8fgtJdQ3WqKJLnSo1A2Ck=
github.com/valyala/fasttemplate v1.2.2 h1:uZqP1U/SrOZKjTxpP6p3j7plzK5AeBglIoGKon/eF7Q=
github.com/valyala/fasttemplate v1.2.2/go.mod h1:QUxS0hf7RbcUqEBn1xmKV3gZ7sPpM1Qv8+0Ee2eyx8k=
golang.org/x/crypto v0.25.0 h1:xywE7HSkBUQFTmjlJlpk+3FHHIdwJnxPJxnu7OwRCmY=
golang.org/x/crypto v0.25.0/go.mod h1:TgZOJQdajaTAnNz1CCr3Q7wcwTUTllm0/vUDiMceFQk=
golang.org/x/net v0.27.0 h1:ezetjPPm7hFf8B/c1EXQA7CPRzDavbV9xw1Jw0RbbnI=
golang.org/x/net v0.27.0/go.mod h1:dQpDYvKulx+QdFZXlQEFm45xtGds52VbBiZnG18RdGU=
golang.org/x/sys v0.22.0 h1:6lJ8PdJdWQjIOz9WYpcCpozorU69eNREtZ3erYCZHo4=
golang.org/x/sys v0.22.0/go.mod h1:/VUhepiaJ0DsQo7Z2Q1Bari1p+ChJMb6sFK1sZbS4Ew=

